
Microsoft Visual Studio Solution File, Format Version 12.00
# Visual Studio Version 17
VisualStudioVersion = 17.4.33213.308
MinimumVisualStudioVersion = 10.0.40219.1
Project("{FAE04EC0-301F-11D3-BF4B-00C04F79EFBC}") = "ConsoleApp1_chap1", "ConsoleApp1_chap1.csproj", "{EB7CD7FC-7F06-419E-A328-DBE8817CBC8C}"
EndProject
Global
	GlobalSection(SolutionConfigurationPlatforms) = preSolution
		Debug|Any CPU = Debug|Any CPU
		Release|Any CPU = Release|Any CPU
	EndGlobalSection
	GlobalSection(ProjectConfigurationPlatforms) = postSolution
		{EB7CD7FC-7F06-419E-A328-DBE8817CBC8C}.Debug|Any CPU.ActiveCfg = Debug|Any CPU
		{EB7CD7FC-7F06-419E-A328-DBE8817CBC8C}.Debug|Any CPU.Build.0 = Debug|Any CPU
		{EB7CD7FC-7F06-419E-A328-DBE8817CBC8C}.Release|Any CPU.ActiveCfg = Release|Any CPU
		{EB7CD7FC-7F06-419E-A328-DBE8817CBC8C}.Release|Any CPU.Build.0 = Release|Any CPU
	EndGlobalSection
	GlobalSection(SolutionProperties) = preSolution
		HideSolutionNode = FALSE
	EndGlobalSection
	GlobalSection(ExtensibilityGlobals) = postSolution
		SolutionGuid = {D1EDDD3F-C1EC-445B-AF8E-FCE0DF989E15}
	EndGlobalSection
EndGlobal
